
Microsoft Visual Studio Solution File, Format Version 12.00
# Visual Studio Version 17
VisualStudioVersion = 17.7.34221.43
MinimumVisualStudioVersion = 10.0.40219.1
Project("{FAE04EC0-301F-11D3-BF4B-00C04F79EFBC}") = "CafeApp", "CafeApp\CafeApp.csproj", "{2403B1DF-8D3A-4936-881C-920BA29D3F62}"
EndProject
Global
	GlobalSection(SolutionConfigurationPlatforms) = preSolution
		Debug|Any CPU = Debug|Any CPU
		Release|Any CPU = Release|Any CPU
	EndGlobalSection
	GlobalSection(ProjectConfigurationPlatforms) = postSolution
		{2403B1DF-8D3A-4936-881C-920BA29D3F62}.Debug|Any CPU.ActiveCfg = Debug|Any CPU
		{2403B1DF-8D3A-4936-881C-920BA29D3F62}.Debug|Any CPU.Build.0 = Debug|Any CPU
		{2403B1DF-8D3A-4936-881C-920BA29D3F62}.Release|Any CPU.ActiveCfg = Release|Any CPU
		{2403B1DF-8D3A-4936-881C-920BA29D3F62}.Release|Any CPU.Build.0 = Release|Any CPU
	EndGlobalSection
	GlobalSection(SolutionProperties) = preSolution
		HideSolutionNode = FALSE
	EndGlobalSection
	GlobalSection(ExtensibilityGlobals) = postSolution
		SolutionGuid = {E06143D9-8912-41A6-A5D7-177ED9AED942}
	EndGlobalSection
EndGlobal
