
Microsoft Visual Studio Solution File, Format Version 12.00
# Visual Studio Version 17
VisualStudioVersion = 17.7.34221.43
MinimumVisualStudioVersion = 10.0.40219.1
Project("{FAE04EC0-301F-11D3-BF4B-00C04F79EFBC}") = "KafeProgramiUretme", "KafeProgramiUretme\KafeProgramiUretme.csproj", "{2B02A4CB-B479-4EB6-95DA-AD19098DA36F}"
EndProject
Global
	GlobalSection(SolutionConfigurationPlatforms) = preSolution
		Debug|Any CPU = Debug|Any CPU
		Release|Any CPU = Release|Any CPU
	EndGlobalSection
	GlobalSection(ProjectConfigurationPlatforms) = postSolution
		{2B02A4CB-B479-4EB6-95DA-AD19098DA36F}.Debug|Any CPU.ActiveCfg = Debug|Any CPU
		{2B02A4CB-B479-4EB6-95DA-AD19098DA36F}.Debug|Any CPU.Build.0 = Debug|Any CPU
		{2B02A4CB-B479-4EB6-95DA-AD19098DA36F}.Release|Any CPU.ActiveCfg = Release|Any CPU
		{2B02A4CB-B479-4EB6-95DA-AD19098DA36F}.Release|Any CPU.Build.0 = Release|Any CPU
	EndGlobalSection
	GlobalSection(SolutionProperties) = preSolution
		HideSolutionNode = FALSE
	EndGlobalSection
	GlobalSection(ExtensibilityGlobals) = postSolution
		SolutionGuid = {BDD80A77-180F-45CC-8CFA-30B274D4B9C3}
	EndGlobalSection
EndGlobal
